
Microsoft Visual Studio Solution File, Format Version 12.00
# Visual Studio Version 17
VisualStudioVersion = 17.1.32210.238
MinimumVisualStudioVersion = 10.0.40219.1
Project("{FAE04EC0-301F-11D3-BF4B-00C04F79EFBC}") = "S1", "S1\S1.csproj", "{392560AE-8081-4BF5-912B-0F00C47EFE33}"
EndProject
Global
	GlobalSection(SolutionConfigurationPlatforms) = preSolution
		Debug|Any CPU = Debug|Any CPU
		Release|Any CPU = Release|Any CPU
	EndGlobalSection
	GlobalSection(ProjectConfigurationPlatforms) = postSolution
		{392560AE-8081-4BF5-912B-0F00C47EFE33}.Debug|Any CPU.ActiveCfg = Debug|Any CPU
		{392560AE-8081-4BF5-912B-0F00C47EFE33}.Debug|Any CPU.Build.0 = Debug|Any CPU
		{392560AE-8081-4BF5-912B-0F00C47EFE33}.Release|Any CPU.ActiveCfg = Release|Any CPU
		{392560AE-8081-4BF5-912B-0F00C47EFE33}.Release|Any CPU.Build.0 = Release|Any CPU
	EndGlobalSection
	GlobalSection(SolutionProperties) = preSolution
		HideSolutionNode = FALSE
	EndGlobalSection
	GlobalSection(ExtensibilityGlobals) = postSolution
		SolutionGuid = {A9871C9D-C0D1-47E2-8416-5A22BAF5D47F}
	EndGlobalSection
EndGlobal
